
Microsoft Visual Studio Solution File, Format Version 12.00
# Visual Studio Version 17
VisualStudioVersion = 17.13.35919.96
MinimumVisualStudioVersion = 10.0.40219.1
Project("{FAE04EC0-301F-11D3-BF4B-00C04F79EFBC}") = "Elevator-model", "Elevator-model.csproj", "{5A50464F-45D1-434E-BF2D-B96CD5124993}"
EndProject
Project("{FAE04EC0-301F-11D3-BF4B-00C04F79EFBC}") = "PFC_Final", "..\..\..\source\repos\arduino-generator\PFC_Final.csproj", "{27A31E80-8035-400F-B233-04F425520DEB}"
EndProject
Global
	GlobalSection(SolutionConfigurationPlatforms) = preSolution
		Debug|Any CPU = Debug|Any CPU
		Release|Any CPU = Release|Any CPU
	EndGlobalSection
	GlobalSection(ProjectConfigurationPlatforms) = postSolution
		{5A50464F-45D1-434E-BF2D-B96CD5124993}.Debug|Any CPU.ActiveCfg = Debug|Any CPU
		{5A50464F-45D1-434E-BF2D-B96CD5124993}.Debug|Any CPU.Build.0 = Debug|Any CPU
		{5A50464F-45D1-434E-BF2D-B96CD5124993}.Release|Any CPU.ActiveCfg = Release|Any CPU
		{5A50464F-45D1-434E-BF2D-B96CD5124993}.Release|Any CPU.Build.0 = Release|Any CPU
		{27A31E80-8035-400F-B233-04F425520DEB}.Debug|Any CPU.ActiveCfg = Debug|Any CPU
		{27A31E80-8035-400F-B233-04F425520DEB}.Debug|Any CPU.Build.0 = Debug|Any CPU
		{27A31E80-8035-400F-B233-04F425520DEB}.Release|Any CPU.ActiveCfg = Release|Any CPU
		{27A31E80-8035-400F-B233-04F425520DEB}.Release|Any CPU.Build.0 = Release|Any CPU
	EndGlobalSection
	GlobalSection(SolutionProperties) = preSolution
		HideSolutionNode = FALSE
	EndGlobalSection
	GlobalSection(ExtensibilityGlobals) = postSolution
		SolutionGuid = {E2C82E2F-3584-4053-8433-718820019511}
	EndGlobalSection
EndGlobal
